
Microsoft Visual Studio Solution File, Format Version 12.00
# Visual Studio Version 17
VisualStudioVersion = 17.1.32228.430
MinimumVisualStudioVersion = 10.0.40219.1
Project("{FAE04EC0-301F-11D3-BF4B-00C04F79EFBC}") = "DaneradaroweApi", "DaneradaroweApi\DaneradaroweApi.csproj", "{FD66A50E-37BD-4CF1-83B0-65D8CACE7D82}"
EndProject
Global
	GlobalSection(SolutionConfigurationPlatforms) = preSolution
		Debug|Any CPU = Debug|Any CPU
		Release|Any CPU = Release|Any CPU
	EndGlobalSection
	GlobalSection(ProjectConfigurationPlatforms) = postSolution
		{FD66A50E-37BD-4CF1-83B0-65D8CACE7D82}.Debug|Any CPU.ActiveCfg = Debug|Any CPU
		{FD66A50E-37BD-4CF1-83B0-65D8CACE7D82}.Debug|Any CPU.Build.0 = Debug|Any CPU
		{FD66A50E-37BD-4CF1-83B0-65D8CACE7D82}.Release|Any CPU.ActiveCfg = Release|Any CPU
		{FD66A50E-37BD-4CF1-83B0-65D8CACE7D82}.Release|Any CPU.Build.0 = Release|Any CPU
	EndGlobalSection
	GlobalSection(SolutionProperties) = preSolution
		HideSolutionNode = FALSE
	EndGlobalSection
	GlobalSection(ExtensibilityGlobals) = postSolution
		SolutionGuid = {809AD382-B50F-4E9C-B41E-2E073A282F90}
	EndGlobalSection
EndGlobal
